
Microsoft Visual Studio Solution File, Format Version 12.00
# Visual Studio Version 16
VisualStudioVersion = 16.0.29806.167
MinimumVisualStudioVersion = 10.0.40219.1
Project("{9A19103F-16F7-4668-BE54-9A1E7A4F7556}") = "VSLibraryNetCore", "VSLibraryCore\VSLibraryNetCore.csproj", "{3D1798E7-F11A-4803-94FA-07F91274EF55}"
EndProject
Project("{9A19103F-16F7-4668-BE54-9A1E7A4F7556}") = "VSLibraryNetStandard", "VSLibraryNetStandard\VSLibraryNetStandard.csproj", "{40C8E8A3-EDE2-4976-BAFE-0F439F105919}"
EndProject
Project("{9A19103F-16F7-4668-BE54-9A1E7A4F7556}") = "VSLibraryNetFramework", "VSLibraryNetFramework\VSLibraryNetFramework.csproj", "{0CBE2F9C-8F4E-4FE2-8E01-B490F0DBA030}"
EndProject
Project("{9A19103F-16F7-4668-BE54-9A1E7A4F7556}") = "VSLibraryNetMultiTargets", "VSLibraryNetMultiTargets\VSLibraryNetMultiTargets.csproj", "{D4643395-B2F1-4BE4-9120-B424199C348A}"
EndProject
Project("{9A19103F-16F7-4668-BE54-9A1E7A4F7556}") = "ConsoleAppNetCore", "ConsoleAppNetCore\ConsoleAppNetCore.csproj", "{9F39F5B5-46B7-425B-B258-BBC758AA3389}"
EndProject
Project("{9A19103F-16F7-4668-BE54-9A1E7A4F7556}") = "ConsoleAppNetStandard", "ConsoleAppNetStandard\ConsoleAppNetStandard.csproj", "{DDFDFEB9-89DA-4719-B351-4C136DC8C83E}"
EndProject
Project("{9A19103F-16F7-4668-BE54-9A1E7A4F7556}") = "ConsoleAppNetFramework", "ConsoleAppNetFramework\ConsoleAppNetFramework.csproj", "{C98F4AF3-2477-4330-B732-EE57F0C70585}"
EndProject
Project("{9A19103F-16F7-4668-BE54-9A1E7A4F7556}") = "NUnitTestProjectNetCore", "NUnitTestProjectNetCore\NUnitTestProjectNetCore.csproj", "{548DDA36-9DA1-4B14-8340-8DE6AE45B93D}"
EndProject
Project("{9A19103F-16F7-4668-BE54-9A1E7A4F7556}") = "NUnitTestProjectNetStandard", "NUnitTestProjectNetStandard\NUnitTestProjectNetStandard.csproj", "{EB580486-A9F3-4ED2-9B77-9BAB495EDAEE}"
EndProject
Project("{9A19103F-16F7-4668-BE54-9A1E7A4F7556}") = "NUnitTestProjectNetFramework", "NUnitTestProjectNetFramework\NUnitTestProjectNetFramework.csproj", "{4AE482AA-7BE2-4659-9429-958708F41947}"
EndProject
Project("{2150E333-8FDC-42A3-9474-1A3956D46DE8}") = "Library", "Library", "{62E374E6-B54A-4D44-B7AA-F8EEE8350F40}"
EndProject
Project("{2150E333-8FDC-42A3-9474-1A3956D46DE8}") = "Console", "Console", "{0560E7D0-E951-40F1-9708-AD360E4FE127}"
EndProject
Project("{2150E333-8FDC-42A3-9474-1A3956D46DE8}") = "Tests", "Tests", "{C7AB6D5E-3C48-4C87-BCD1-51657C55167E}"
EndProject
Project("{2150E333-8FDC-42A3-9474-1A3956D46DE8}") = "WebCore", "WebCore", "{478C0642-1BCC-4E88-8275-45D493571944}"
EndProject
Project("{2150E333-8FDC-42A3-9474-1A3956D46DE8}") = "WebFramework", "WebFramework", "{15CF52F4-AB7C-4F85-9FC7-03E4310C48FD}"
EndProject
Project("{9A19103F-16F7-4668-BE54-9A1E7A4F7556}") = "ASPNetCoreMVC", "ASPNetCoreMVC\ASPNetCoreMVC.csproj", "{512DD891-D7D5-4ECD-9D56-3E1F619D29F5}"
EndProject
Project("{9A19103F-16F7-4668-BE54-9A1E7A4F7556}") = "ASPNetCoreRazor", "ASPNetCoreRazor\ASPNetCoreRazor.csproj", "{6AB1D6AA-30E4-4C90-A6FC-A031B6BCCB89}"
EndProject
Project("{FAE04EC0-301F-11D3-BF4B-00C04F79EFBC}") = "ASPNetAPI", "ASPNetAPI\ASPNetAPI.csproj", "{14D7B057-94C1-4D5C-800A-2C50581C42B1}"
EndProject
Project("{FAE04EC0-301F-11D3-BF4B-00C04F79EFBC}") = "ASPNetMVC", "ASPNetMVC\ASPNetMVC.csproj", "{01793D1D-3CB6-4651-83F6-8BFF5C6B86DB}"
EndProject
Project("{FAE04EC0-301F-11D3-BF4B-00C04F79EFBC}") = "ASPNetSPA", "ASPNetSPA\ASPNetSPA.csproj", "{BCF72615-86C5-4022-82B9-D981AE0849FC}"
EndProject
Project("{FAE04EC0-301F-11D3-BF4B-00C04F79EFBC}") = "ASPNetForms", "ASPNetForms\ASPNetForms.csproj", "{E51D0505-20DF-467E-9014-CDBCD9609138}"
EndProject
Project("{FAE04EC0-301F-11D3-BF4B-00C04F79EFBC}") = "ASPNetEmpty", "ASPNetEmpty\ASPNetEmpty.csproj", "{F3795F8A-1259-4FD5-908C-2593D6E82AF2}"
EndProject
Project("{FAE04EC0-301F-11D3-BF4B-00C04F79EFBC}") = "ASPNetCoreAPI", "ASPNetCoreAPI\ASPNetCoreAPI.csproj", "{05011D47-0F17-4491-B895-1F6D73FA03F5}"
EndProject
Project("{FAE04EC0-301F-11D3-BF4B-00C04F79EFBC}") = "ASPNetCoreEmpty", "ASPNetCoreEmpty\ASPNetCoreEmpty.csproj", "{E4E60F58-B45F-47C9-A8BA-9630527D9A72}"
EndProject
Global
	GlobalSection(SolutionConfigurationPlatforms) = preSolution
		Debug|Any CPU = Debug|Any CPU
		Release|Any CPU = Release|Any CPU
	EndGlobalSection
	GlobalSection(ProjectConfigurationPlatforms) = postSolution
		{3D1798E7-F11A-4803-94FA-07F91274EF55}.Debug|Any CPU.ActiveCfg = Debug|Any CPU
		{3D1798E7-F11A-4803-94FA-07F91274EF55}.Debug|Any CPU.Build.0 = Debug|Any CPU
		{3D1798E7-F11A-4803-94FA-07F91274EF55}.Release|Any CPU.ActiveCfg = Release|Any CPU
		{3D1798E7-F11A-4803-94FA-07F91274EF55}.Release|Any CPU.Build.0 = Release|Any CPU
		{40C8E8A3-EDE2-4976-BAFE-0F439F105919}.Debug|Any CPU.ActiveCfg = Debug|Any CPU
		{40C8E8A3-EDE2-4976-BAFE-0F439F105919}.Debug|Any CPU.Build.0 = Debug|Any CPU
		{40C8E8A3-EDE2-4976-BAFE-0F439F105919}.Release|Any CPU.ActiveCfg = Release|Any CPU
		{40C8E8A3-EDE2-4976-BAFE-0F439F105919}.Release|Any CPU.Build.0 = Release|Any CPU
		{0CBE2F9C-8F4E-4FE2-8E01-B490F0DBA030}.Debug|Any CPU.ActiveCfg = Debug|Any CPU
		{0CBE2F9C-8F4E-4FE2-8E01-B490F0DBA030}.Debug|Any CPU.Build.0 = Debug|Any CPU
		{0CBE2F9C-8F4E-4FE2-8E01-B490F0DBA030}.Release|Any CPU.ActiveCfg = Release|Any CPU
		{0CBE2F9C-8F4E-4FE2-8E01-B490F0DBA030}.Release|Any CPU.Build.0 = Release|Any CPU
		{D4643395-B2F1-4BE4-9120-B424199C348A}.Debug|Any CPU.ActiveCfg = Debug|Any CPU
		{D4643395-B2F1-4BE4-9120-B424199C348A}.Debug|Any CPU.Build.0 = Debug|Any CPU
		{D4643395-B2F1-4BE4-9120-B424199C348A}.Release|Any CPU.ActiveCfg = Release|Any CPU
		{D4643395-B2F1-4BE4-9120-B424199C348A}.Release|Any CPU.Build.0 = Release|Any CPU
		{9F39F5B5-46B7-425B-B258-BBC758AA3389}.Debug|Any CPU.ActiveCfg = Debug|Any CPU
		{9F39F5B5-46B7-425B-B258-BBC758AA3389}.Debug|Any CPU.Build.0 = Debug|Any CPU
		{9F39F5B5-46B7-425B-B258-BBC758AA3389}.Release|Any CPU.ActiveCfg = Release|Any CPU
		{9F39F5B5-46B7-425B-B258-BBC758AA3389}.Release|Any CPU.Build.0 = Release|Any CPU
		{DDFDFEB9-89DA-4719-B351-4C136DC8C83E}.Debug|Any CPU.ActiveCfg = Debug|Any CPU
		{DDFDFEB9-89DA-4719-B351-4C136DC8C83E}.Debug|Any CPU.Build.0 = Debug|Any CPU
		{DDFDFEB9-89DA-4719-B351-4C136DC8C83E}.Release|Any CPU.ActiveCfg = Release|Any CPU
		{DDFDFEB9-89DA-4719-B351-4C136DC8C83E}.Release|Any CPU.Build.0 = Release|Any CPU
		{C98F4AF3-2477-4330-B732-EE57F0C70585}.Debug|Any CPU.ActiveCfg = Debug|Any CPU
		{C98F4AF3-2477-4330-B732-EE57F0C70585}.Debug|Any CPU.Build.0 = Debug|Any CPU
		{C98F4AF3-2477-4330-B732-EE57F0C70585}.Release|Any CPU.ActiveCfg = Release|Any CPU
		{C98F4AF3-2477-4330-B732-EE57F0C70585}.Release|Any CPU.Build.0 = Release|Any CPU
		{548DDA36-9DA1-4B14-8340-8DE6AE45B93D}.Debug|Any CPU.ActiveCfg = Debug|Any CPU
		{548DDA36-9DA1-4B14-8340-8DE6AE45B93D}.Debug|Any CPU.Build.0 = Debug|Any CPU
		{548DDA36-9DA1-4B14-8340-8DE6AE45B93D}.Release|Any CPU.ActiveCfg = Release|Any CPU
		{548DDA36-9DA1-4B14-8340-8DE6AE45B93D}.Release|Any CPU.Build.0 = Release|Any CPU
		{EB580486-A9F3-4ED2-9B77-9BAB495EDAEE}.Debug|Any CPU.ActiveCfg = Debug|Any CPU
		{EB580486-A9F3-4ED2-9B77-9BAB495EDAEE}.Debug|Any CPU.Build.0 = Debug|Any CPU
		{EB580486-A9F3-4ED2-9B77-9BAB495EDAEE}.Release|Any CPU.ActiveCfg = Release|Any CPU
		{EB580486-A9F3-4ED2-9B77-9BAB495EDAEE}.Release|Any CPU.Build.0 = Release|Any CPU
		{4AE482AA-7BE2-4659-9429-958708F41947}.Debug|Any CPU.ActiveCfg = Debug|Any CPU
		{4AE482AA-7BE2-4659-9429-958708F41947}.Debug|Any CPU.Build.0 = Debug|Any CPU
		{4AE482AA-7BE2-4659-9429-958708F41947}.Release|Any CPU.ActiveCfg = Release|Any CPU
		{4AE482AA-7BE2-4659-9429-958708F41947}.Release|Any CPU.Build.0 = Release|Any CPU
		{512DD891-D7D5-4ECD-9D56-3E1F619D29F5}.Debug|Any CPU.ActiveCfg = Debug|Any CPU
		{512DD891-D7D5-4ECD-9D56-3E1F619D29F5}.Debug|Any CPU.Build.0 = Debug|Any CPU
		{512DD891-D7D5-4ECD-9D56-3E1F619D29F5}.Release|Any CPU.ActiveCfg = Release|Any CPU
		{512DD891-D7D5-4ECD-9D56-3E1F619D29F5}.Release|Any CPU.Build.0 = Release|Any CPU
		{6AB1D6AA-30E4-4C90-A6FC-A031B6BCCB89}.Debug|Any CPU.ActiveCfg = Debug|Any CPU
		{6AB1D6AA-30E4-4C90-A6FC-A031B6BCCB89}.Debug|Any CPU.Build.0 = Debug|Any CPU
		{6AB1D6AA-30E4-4C90-A6FC-A031B6BCCB89}.Release|Any CPU.ActiveCfg = Release|Any CPU
		{6AB1D6AA-30E4-4C90-A6FC-A031B6BCCB89}.Release|Any CPU.Build.0 = Release|Any CPU
		{14D7B057-94C1-4D5C-800A-2C50581C42B1}.Debug|Any CPU.ActiveCfg = Debug|Any CPU
		{14D7B057-94C1-4D5C-800A-2C50581C42B1}.Debug|Any CPU.Build.0 = Debug|Any CPU
		{14D7B057-94C1-4D5C-800A-2C50581C42B1}.Release|Any CPU.ActiveCfg = Release|Any CPU
		{14D7B057-94C1-4D5C-800A-2C50581C42B1}.Release|Any CPU.Build.0 = Release|Any CPU
		{01793D1D-3CB6-4651-83F6-8BFF5C6B86DB}.Debug|Any CPU.ActiveCfg = Debug|Any CPU
		{01793D1D-3CB6-4651-83F6-8BFF5C6B86DB}.Debug|Any CPU.Build.0 = Debug|Any CPU
		{01793D1D-3CB6-4651-83F6-8BFF5C6B86DB}.Release|Any CPU.ActiveCfg = Release|Any CPU
		{01793D1D-3CB6-4651-83F6-8BFF5C6B86DB}.Release|Any CPU.Build.0 = Release|Any CPU
		{BCF72615-86C5-4022-82B9-D981AE0849FC}.Debug|Any CPU.ActiveCfg = Debug|Any CPU
		{BCF72615-86C5-4022-82B9-D981AE0849FC}.Debug|Any CPU.Build.0 = Debug|Any CPU
		{BCF72615-86C5-4022-82B9-D981AE0849FC}.Release|Any CPU.ActiveCfg = Release|Any CPU
		{BCF72615-86C5-4022-82B9-D981AE0849FC}.Release|Any CPU.Build.0 = Release|Any CPU
		{E51D0505-20DF-467E-9014-CDBCD9609138}.Debug|Any CPU.ActiveCfg = Debug|Any CPU
		{E51D0505-20DF-467E-9014-CDBCD9609138}.Debug|Any CPU.Build.0 = Debug|Any CPU
		{E51D0505-20DF-467E-9014-CDBCD9609138}.Release|Any CPU.ActiveCfg = Release|Any CPU
		{E51D0505-20DF-467E-9014-CDBCD9609138}.Release|Any CPU.Build.0 = Release|Any CPU
		{F3795F8A-1259-4FD5-908C-2593D6E82AF2}.Debug|Any CPU.ActiveCfg = Debug|Any CPU
		{F3795F8A-1259-4FD5-908C-2593D6E82AF2}.Debug|Any CPU.Build.0 = Debug|Any CPU
		{F3795F8A-1259-4FD5-908C-2593D6E82AF2}.Release|Any CPU.ActiveCfg = Release|Any CPU
		{F3795F8A-1259-4FD5-908C-2593D6E82AF2}.Release|Any CPU.Build.0 = Release|Any CPU
		{05011D47-0F17-4491-B895-1F6D73FA03F5}.Debug|Any CPU.ActiveCfg = Debug|Any CPU
		{05011D47-0F17-4491-B895-1F6D73FA03F5}.Debug|Any CPU.Build.0 = Debug|Any CPU
		{05011D47-0F17-4491-B895-1F6D73FA03F5}.Release|Any CPU.ActiveCfg = Release|Any CPU
		{05011D47-0F17-4491-B895-1F6D73FA03F5}.Release|Any CPU.Build.0 = Release|Any CPU
		{E4E60F58-B45F-47C9-A8BA-9630527D9A72}.Debug|Any CPU.ActiveCfg = Debug|Any CPU
		{E4E60F58-B45F-47C9-A8BA-9630527D9A72}.Debug|Any CPU.Build.0 = Debug|Any CPU
		{E4E60F58-B45F-47C9-A8BA-9630527D9A72}.Release|Any CPU.ActiveCfg = Release|Any CPU
		{E4E60F58-B45F-47C9-A8BA-9630527D9A72}.Release|Any CPU.Build.0 = Release|Any CPU
	EndGlobalSection
	GlobalSection(SolutionProperties) = preSolution
		HideSolutionNode = FALSE
	EndGlobalSection
	GlobalSection(NestedProjects) = preSolution
		{3D1798E7-F11A-4803-94FA-07F91274EF55} = {62E374E6-B54A-4D44-B7AA-F8EEE8350F40}
		{40C8E8A3-EDE2-4976-BAFE-0F439F105919} = {62E374E6-B54A-4D44-B7AA-F8EEE8350F40}
		{0CBE2F9C-8F4E-4FE2-8E01-B490F0DBA030} = {62E374E6-B54A-4D44-B7AA-F8EEE8350F40}
		{D4643395-B2F1-4BE4-9120-B424199C348A} = {62E374E6-B54A-4D44-B7AA-F8EEE8350F40}
		{9F39F5B5-46B7-425B-B258-BBC758AA3389} = {0560E7D0-E951-40F1-9708-AD360E4FE127}
		{DDFDFEB9-89DA-4719-B351-4C136DC8C83E} = {0560E7D0-E951-40F1-9708-AD360E4FE127}
		{C98F4AF3-2477-4330-B732-EE57F0C70585} = {0560E7D0-E951-40F1-9708-AD360E4FE127}
		{548DDA36-9DA1-4B14-8340-8DE6AE45B93D} = {C7AB6D5E-3C48-4C87-BCD1-51657C55167E}
		{EB580486-A9F3-4ED2-9B77-9BAB495EDAEE} = {C7AB6D5E-3C48-4C87-BCD1-51657C55167E}
		{4AE482AA-7BE2-4659-9429-958708F41947} = {C7AB6D5E-3C48-4C87-BCD1-51657C55167E}
		{512DD891-D7D5-4ECD-9D56-3E1F619D29F5} = {478C0642-1BCC-4E88-8275-45D493571944}
		{6AB1D6AA-30E4-4C90-A6FC-A031B6BCCB89} = {478C0642-1BCC-4E88-8275-45D493571944}
		{14D7B057-94C1-4D5C-800A-2C50581C42B1} = {15CF52F4-AB7C-4F85-9FC7-03E4310C48FD}
		{01793D1D-3CB6-4651-83F6-8BFF5C6B86DB} = {15CF52F4-AB7C-4F85-9FC7-03E4310C48FD}
		{BCF72615-86C5-4022-82B9-D981AE0849FC} = {15CF52F4-AB7C-4F85-9FC7-03E4310C48FD}
		{E51D0505-20DF-467E-9014-CDBCD9609138} = {15CF52F4-AB7C-4F85-9FC7-03E4310C48FD}
		{F3795F8A-1259-4FD5-908C-2593D6E82AF2} = {15CF52F4-AB7C-4F85-9FC7-03E4310C48FD}
		{05011D47-0F17-4491-B895-1F6D73FA03F5} = {478C0642-1BCC-4E88-8275-45D493571944}
		{E4E60F58-B45F-47C9-A8BA-9630527D9A72} = {478C0642-1BCC-4E88-8275-45D493571944}
	EndGlobalSection
	GlobalSection(ExtensibilityGlobals) = postSolution
		SolutionGuid = {1317E933-9F83-4A2E-A706-4E80ED08B822}
	EndGlobalSection
EndGlobal
